
Microsoft Visual Studio Solution File, Format Version 12.00
# Visual Studio Version 17
VisualStudioVersion = 17.5.33530.505
MinimumVisualStudioVersion = 10.0.40219.1
Project("{FAE04EC0-301F-11D3-BF4B-00C04F79EFBC}") = "BlazorClient", "BlazorClient\BlazorClient.csproj", "{66FF78DB-A687-4F07-B494-EFC9AAA9B354}"
EndProject
Global
	GlobalSection(SolutionConfigurationPlatforms) = preSolution
		Debug|Any CPU = Debug|Any CPU
		Release|Any CPU = Release|Any CPU
	EndGlobalSection
	GlobalSection(ProjectConfigurationPlatforms) = postSolution
		{66FF78DB-A687-4F07-B494-EFC9AAA9B354}.Debug|Any CPU.ActiveCfg = Debug|Any CPU
		{66FF78DB-A687-4F07-B494-EFC9AAA9B354}.Debug|Any CPU.Build.0 = Debug|Any CPU
		{66FF78DB-A687-4F07-B494-EFC9AAA9B354}.Release|Any CPU.ActiveCfg = Release|Any CPU
		{66FF78DB-A687-4F07-B494-EFC9AAA9B354}.Release|Any CPU.Build.0 = Release|Any CPU
	EndGlobalSection
	GlobalSection(SolutionProperties) = preSolution
		HideSolutionNode = FALSE
	EndGlobalSection
	GlobalSection(ExtensibilityGlobals) = postSolution
		SolutionGuid = {00D3D834-F854-49A4-8CB4-E547B32A6700}
	EndGlobalSection
EndGlobal
